{
  "version": 4,
  "terraform_version": "1.3.7",
  "serial": 27,
  "lineage": "69bc53fc-b7a0-cec4-0543-bf83b7cae348",
  "outputs": {
    "lm-nb-ip-address": {
      "value": "139.144.160.237",
      "type": "string"
    }
  },
  "resources": [
    {
      "mode": "managed",
      "type": "linode_instance",
      "name": "lm-instance",
      "provider": "provider[\"registry.terraform.io/linode/linode\"]",
      "instances": [
        {
          "index_key": 0,
          "schema_version": 0,
          "attributes": {
            "alerts": [
              {
                "cpu": 90,
                "io": 10000,
                "network_in": 10,
                "network_out": 10,
                "transfer_quota": 80
              }
            ],
            "authorized_keys": [
              "ssh-rsa AAAAB3NzaC1yc2EAAAADAQABAAACAQC7Zy4m3gFv06UwGhRm4C++VYmFIdYqWeSBOKqbYIbbxDvawpUtVVd2GIaOeMLE9bjjzBCzbMUhlBaUoJiWsbtikJj0auksDyUbDBygrl2OB0kh/h1ZmeMquXoPpwYHg2BJzuJ5S8HlZPG1YgjMigkelGCzJSNfjFGtapn7NjdUmHFNZKu49gP6Ii3NPGYhz5q3tGfNV4NIMkWKeFIdiwFN5h/lpK9QLZ0dwDF8rt4qXo+fz9RSpDKI/k1/8uHWcu+av7iMJDXG8o9ucCkI3GlK3GcyRBt8zGyOCjEu3bWh1r2nZJLKsymWkj+HZ1QbfXBW1hCKJ1Jqyaa7GtfvxByP9wfLUCya18JvnNw2K6PKHmhl+Qr9iNWpDzZioZzh81YZrfUJrWqxP5WKX4VLw5JlJ0F/IH8e0I5j/UKOOxFNEI+VN+x25J18PRaZML6Uu/unmuoWKC9gBktiwKBzU3pUaqQNoxkVZtdMeqDT3OKpFvbijryDDpbP4L58nWZnYMj2TCvtziOJXpVNwyAsbzDVhisKAel0Up1EK1satqIGD5q+i4EY/jIRWeLrR9oQhq3dmFR/fuPBwWBvhcYqWtxysKugf8ozxh2YJTQdXGqy009Q7Ma6rhwD+l1vWuF6+CklINTvdiWgu34ml5cuZ3ZOneB3OgfZ6w7f8hv2smWJpw== josemagne@josemagne-ThinkPad-P50"
            ],
            "authorized_users": null,
            "backup_id": null,
            "backups": [
              {
                "enabled": false,
                "schedule": [
                  {
                    "day": "",
                    "window": ""
                  }
                ]
              }
            ],
            "backups_enabled": false,
            "boot_config_label": "My Ubuntu 20.04 LTS Disk Profile",
            "booted": true,
            "config": [
              {
                "comments": "",
                "devices": [
                  {
                    "sda": [
                      {
                        "disk_id": 84998196,
                        "disk_label": "Ubuntu 20.04 LTS Disk",
                        "volume_id": 0
                      }
                    ],
                    "sdb": [
                      {
                        "disk_id": 84998197,
                        "disk_label": "512 MB Swap Image",
                        "volume_id": 0
                      }
                    ],
                    "sdc": [],
                    "sdd": [],
                    "sde": [],
                    "sdf": [],
                    "sdg": [],
                    "sdh": []
                  }
                ],
                "helpers": [
                  {
                    "devtmpfs_automount": true,
                    "distro": true,
                    "modules_dep": true,
                    "network": true,
                    "updatedb_disabled": true
                  }
                ],
                "interface": [],
                "kernel": "linode/grub2",
                "label": "My Ubuntu 20.04 LTS Disk Profile",
                "memory_limit": 0,
                "root_device": "/dev/sda",
                "run_level": "default",
                "virt_mode": "paravirt"
              }
            ],
            "disk": [
              {
                "authorized_keys": [],
                "authorized_users": [],
                "filesystem": "ext4",
                "id": 84998196,
                "image": "",
                "label": "Ubuntu 20.04 LTS Disk",
                "read_only": false,
                "root_pass": "",
                "size": 25088,
                "stackscript_data": {},
                "stackscript_id": 0
              },
              {
                "authorized_keys": [],
                "authorized_users": [],
                "filesystem": "swap",
                "id": 84998197,
                "image": "",
                "label": "512 MB Swap Image",
                "read_only": false,
                "root_pass": "",
                "size": 512,
                "stackscript_data": {},
                "stackscript_id": 0
              }
            ],
            "group": "lm-nb",
            "id": "42520636",
            "image": "linode/ubuntu20.04",
            "interface": [],
            "ip_address": "139.144.69.94",
            "ipv4": [
              "139.144.69.94"
            ],
            "ipv6": "2a01:7e01::f03c:93ff:fe74:8b59/128",
            "label": "lm-instance",
            "private_ip": false,
            "private_ip_address": null,
            "region": "eu-central",
            "resize_disk": false,
            "root_pass": "wKHUUnh39EWYefvDZzCVIobMdnF//uhAxqFqTeyYmPrR8rbO2eTh3KsTirXtWOUGHKQAN3xM8xPiKO+XqeLxLw==",
            "specs": [
              {
                "disk": 25600,
                "memory": 1024,
                "transfer": 1000,
                "vcpus": 1
              }
            ],
            "stackscript_data": null,
            "stackscript_id": null,
            "status": "running",
            "swap_size": 512,
            "tags": [
              "lm-nb"
            ],
            "timeouts": null,
            "type": "g6-nanode-1",
            "watchdog_enabled": true
          },
          "sensitive_attributes": [
            [
              {
                "type": "get_attr",
                "value": "authorized_keys"
              },
              {
                "type": "index",
                "value": {
                  "value": 0,
                  "type": "number"
                }
              }
            ]
          ],
          "private": "eyJlMmJmYjczMC1lY2FhLTExZTYtOGY4OC0zNDM2M2JjN2M0YzAiOnsiY3JlYXRlIjo2MDAwMDAwMDAwMDAsImRlbGV0ZSI6NjAwMDAwMDAwMDAwLCJ1cGRhdGUiOjEyMDAwMDAwMDAwMDB9fQ==",
          "dependencies": [
            "random_string.password"
          ]
        }
      ]
    },
    {
      "mode": "managed",
      "type": "linode_lke_cluster",
      "name": "lm_cluster",
      "provider": "provider[\"registry.terraform.io/linode/linode\"]",
      "instances": [
        {
          "status": "tainted",
          "schema_version": 0,
          "attributes": {
            "api_endpoints": null,
            "control_plane": null,
            "dashboard_url": null,
            "id": "91951",
            "k8s_version": "1.25",
            "kubeconfig": null,
            "label": "lm_cluster",
            "pool": [
              {
                "autoscaler": [],
                "count": 4,
                "id": 0,
                "nodes": [],
                "type": "g6-standard-1"
              }
            ],
            "region": "eu-central",
            "status": null,
            "tags": [
              "angular",
              "k8s",
              "spring"
            ],
            "timeouts": null
          },
          "sensitive_attributes": [],
          "private": "eyJlMmJmYjczMC1lY2FhLTExZTYtOGY4OC0zNDM2M2JjN2M0YzAiOnsiY3JlYXRlIjo5MDAwMDAwMDAwMDAsImRlbGV0ZSI6NjAwMDAwMDAwMDAwLCJ1cGRhdGUiOjE4MDAwMDAwMDAwMDB9fQ=="
        }
      ]
    },
    {
      "mode": "managed",
      "type": "linode_nodebalancer",
      "name": "lm-nb",
      "provider": "provider[\"registry.terraform.io/linode/linode\"]",
      "instances": [
        {
          "schema_version": 1,
          "attributes": {
            "client_conn_throttle": 0,
            "created": "2023-02-10T09:18:40Z",
            "hostname": "139-144-160-237.ip.linodeusercontent.com",
            "id": "300637",
            "ipv4": "139.144.160.237",
            "ipv6": "2a01:7e01:1::8b90:a0ed",
            "label": "lm-nb",
            "region": "eu-central",
            "tags": null,
            "transfer": [
              {
                "in": 0,
                "out": 0,
                "total": 0
              }
            ],
            "updated": "2023-02-10T09:18:40Z"
          },
          "sensitive_attributes": [],
          "private": "eyJzY2hlbWFfdmVyc2lvbiI6IjEifQ=="
        }
      ]
    },
    {
      "mode": "managed",
      "type": "linode_nodebalancer_config",
      "name": "lm-nb-config",
      "provider": "provider[\"registry.terraform.io/linode/linode\"]",
      "instances": [
        {
          "schema_version": 1,
          "attributes": {
            "algorithm": "roundrobin",
            "check": "http_body",
            "check_attempts": 30,
            "check_body": "healthcheck",
            "check_interval": 30,
            "check_passive": true,
            "check_path": "/healthcheck/",
            "check_timeout": 25,
            "cipher_suite": "recommended",
            "id": "457900",
            "node_status": [
              {
                "down": 0,
                "up": 0
              }
            ],
            "nodebalancer_id": 300637,
            "port": 80,
            "protocol": "http",
            "proxy_protocol": "none",
            "ssl_cert": null,
            "ssl_commonname": "",
            "ssl_fingerprint": "",
            "ssl_key": null,
            "stickiness": "http_cookie"
          },
          "sensitive_attributes": [],
          "private": "eyJzY2hlbWFfdmVyc2lvbiI6IjEifQ==",
          "dependencies": [
            "linode_nodebalancer.lm-nb"
          ]
        }
      ]
    },
    {
      "mode": "managed",
      "type": "linode_nodebalancer_node",
      "name": "lm-nb-node",
      "provider": "provider[\"registry.terraform.io/linode/linode\"]",
      "instances": []
    },
    {
      "mode": "managed",
      "type": "local_file",
      "name": "kubeconfig",
      "provider": "provider[\"registry.terraform.io/hashicorp/local\"]",
      "instances": []
    },
    {
      "mode": "managed",
      "type": "local_file",
      "name": "lm-nb-address",
      "provider": "provider[\"registry.terraform.io/hashicorp/local\"]",
      "instances": [
        {
          "schema_version": 0,
          "attributes": {
            "content": "139.144.160.237",
            "content_base64": null,
            "directory_permission": "0777",
            "file_permission": "0777",
            "filename": "lm-nb-ip",
            "id": "cf0e69a8fa2d24fa7c5561a0990689213612c4dc",
            "sensitive_content": null,
            "source": null
          },
          "sensitive_attributes": [],
          "dependencies": [
            "linode_nodebalancer.lm-nb"
          ]
        }
      ]
    },
    {
      "mode": "managed",
      "type": "random_string",
      "name": "password",
      "provider": "provider[\"registry.terraform.io/hashicorp/random\"]",
      "instances": [
        {
          "schema_version": 2,
          "attributes": {
            "id": "1?O\u003e+#-7mr{#4jQ(sCTq2s95@Y)\u0026z_eu",
            "keepers": null,
            "length": 32,
            "lower": true,
            "min_lower": 0,
            "min_numeric": 0,
            "min_special": 0,
            "min_upper": 0,
            "number": true,
            "numeric": true,
            "override_special": null,
            "result": "1?O\u003e+#-7mr{#4jQ(sCTq2s95@Y)\u0026z_eu",
            "special": true,
            "upper": true
          },
          "sensitive_attributes": []
        }
      ]
    }
  ],
  "check_results": null
}
